PODS:
  - Alamofire (4.9.1)
  - KVNProgress (2.3.5)
  - SwiftPhotoGallery (3.4.1)
  - ZZCircleProgress (0.3.1)

DEPENDENCIES:
  - Alamofire
  - KVNProgress
  - SwiftPhotoGallery
  - ZZCircleProgress

SPEC REPOS:
  https://github.com/cocoapods/specs.git:
    - Alamofire
    - KVNProgress
    - SwiftPhotoGallery
    - ZZCircleProgress

SPEC CHECKSUMS:
  Alamofire: 85e8a02c69d6020a0d734f6054870d7ecb75cf18
  KVNProgress: d7046cce142f1aeb740db39dc3cacfe910fac354
  SwiftPhotoGallery: 795b79e2596beb160fb978e232603da0811006ce
  ZZCircleProgress: 207e454a96f05321be6df16357671d9a870656b6

PODFILE CHECKSUM: ca80b02c7a13bc1c57818dd4d8d56dd352c92655

COCOAPODS: 1.7.1
